{
  "name": "lockfile-diff",
  "version": "1.1.0",
  "lockfileVersion": 3,
  "requires": true,
  "packages": {
    "": {
      "name": "lockfile-diff",
      "version": "1.1.0",
      "license": "MIT",
      "bin": {
        "lockfile-diff": "bin/cli.js"
      },
      "engines": {
        "node": ">=18"
      }
    }
  }
}
